
Microsoft Visual Studio Solution File, Format Version 12.00
# Visual Studio Version 16
VisualStudioVersion = 16.0.28708.37
MinimumVisualStudioVersion = 10.0.40219.1
Project("{9A19103F-16F7-4668-BE54-9A1E7A4F7556}") = "bundle", "bundle.csproj", "{372B4EF2-FB63-4F7D-A073-FD3F62653691}"
EndProject
Global
	GlobalSection(SolutionConfigurationPlatforms) = preSolution
		Debug|Any CPU = Debug|Any CPU
		Release|Any CPU = Release|Any CPU
	EndGlobalSection
	GlobalSection(ProjectConfigurationPlatforms) = postSolution
		{372B4EF2-FB63-4F7D-A073-FD3F62653691}.Debug|Any CPU.ActiveCfg = Debug|Any CPU
		{372B4EF2-FB63-4F7D-A073-FD3F62653691}.Debug|Any CPU.Build.0 = Debug|Any CPU
		{372B4EF2-FB63-4F7D-A073-FD3F62653691}.Release|Any CPU.ActiveCfg = Release|Any CPU
		{372B4EF2-FB63-4F7D-A073-FD3F62653691}.Release|Any CPU.Build.0 = Release|Any CPU
	EndGlobalSection
	GlobalSection(SolutionProperties) = preSolution
		HideSolutionNode = FALSE
	EndGlobalSection
	GlobalSection(ExtensibilityGlobals) = postSolution
		SolutionGuid = {24E14C54-0294-487E-A1DB-22B62C34BA21}
	EndGlobalSection
EndGlobal
